
Microsoft Visual Studio Solution File, Format Version 12.00
# Visual Studio Version 17
VisualStudioVersion = 17.0.32014.148
MinimumVisualStudioVersion = 10.0.40219.1
Project("{FAE04EC0-301F-11D3-BF4B-00C04F79EFBC}") = "SyncfusionGridDemoApp", "SyncfusionGridDemoApp\SyncfusionGridDemoApp.csproj", "{846A47F8-C0F6-487E-90A3-71F74364B529}"
EndProject
Global
	GlobalSection(SolutionConfigurationPlatforms) = preSolution
		Debug|Any CPU = Debug|Any CPU
		Release|Any CPU = Release|Any CPU
	EndGlobalSection
	GlobalSection(ProjectConfigurationPlatforms) = postSolution
		{846A47F8-C0F6-487E-90A3-71F74364B529}.Debug|Any CPU.ActiveCfg = Debug|Any CPU
		{846A47F8-C0F6-487E-90A3-71F74364B529}.Debug|Any CPU.Build.0 = Debug|Any CPU
		{846A47F8-C0F6-487E-90A3-71F74364B529}.Release|Any CPU.ActiveCfg = Release|Any CPU
		{846A47F8-C0F6-487E-90A3-71F74364B529}.Release|Any CPU.Build.0 = Release|Any CPU
	EndGlobalSection
	GlobalSection(SolutionProperties) = preSolution
		HideSolutionNode = FALSE
	EndGlobalSection
	GlobalSection(ExtensibilityGlobals) = postSolution
		SolutionGuid = {AF13CA3F-E78E-4308-B810-1C6E55F43F1D}
	EndGlobalSection
EndGlobal
